
Microsoft Visual Studio Solution File, Format Version 12.00
# Visual Studio Version 17
VisualStudioVersion = 17.9.34622.214
MinimumVisualStudioVersion = 10.0.40219.1
Project("{9A19103F-16F7-4668-BE54-9A1E7A4F7556}") = "Admin", "admin\Admin.csproj", "{9CAC15DE-2641-465D-9319-80C6E96C24AF}"
EndProject
Project("{9A19103F-16F7-4668-BE54-9A1E7A4F7556}") = "DataAccess", "DataAccess\DataAccess.csproj", "{5758E6A6-E6AE-4DB2-A1C3-9A5AB967466E}"
EndProject
Project("{9A19103F-16F7-4668-BE54-9A1E7A4F7556}") = "Utility", "Utility\Utility.csproj", "{EFED0F61-52BE-45DD-9E72-45B4740B448E}"
EndProject
Project("{9A19103F-16F7-4668-BE54-9A1E7A4F7556}") = "FrontEndAPI", "FrontEndAPI\FrontEndAPI.csproj", "{B0DC0932-3F9B-499B-8780-C12549DCAD96}"
EndProject
Global
	GlobalSection(SolutionConfigurationPlatforms) = preSolution
		Debug|Any CPU = Debug|Any CPU
		Release|Any CPU = Release|Any CPU
	EndGlobalSection
	GlobalSection(ProjectConfigurationPlatforms) = postSolution
		{9CAC15DE-2641-465D-9319-80C6E96C24AF}.Debug|Any CPU.ActiveCfg = Debug|Any CPU
		{9CAC15DE-2641-465D-9319-80C6E96C24AF}.Debug|Any CPU.Build.0 = Debug|Any CPU
		{9CAC15DE-2641-465D-9319-80C6E96C24AF}.Release|Any CPU.ActiveCfg = Release|Any CPU
		{9CAC15DE-2641-465D-9319-80C6E96C24AF}.Release|Any CPU.Build.0 = Release|Any CPU
		{5758E6A6-E6AE-4DB2-A1C3-9A5AB967466E}.Debug|Any CPU.ActiveCfg = Debug|Any CPU
		{5758E6A6-E6AE-4DB2-A1C3-9A5AB967466E}.Debug|Any CPU.Build.0 = Debug|Any CPU
		{5758E6A6-E6AE-4DB2-A1C3-9A5AB967466E}.Release|Any CPU.ActiveCfg = Release|Any CPU
		{5758E6A6-E6AE-4DB2-A1C3-9A5AB967466E}.Release|Any CPU.Build.0 = Release|Any CPU
		{EFED0F61-52BE-45DD-9E72-45B4740B448E}.Debug|Any CPU.ActiveCfg = Debug|Any CPU
		{EFED0F61-52BE-45DD-9E72-45B4740B448E}.Debug|Any CPU.Build.0 = Debug|Any CPU
		{EFED0F61-52BE-45DD-9E72-45B4740B448E}.Release|Any CPU.ActiveCfg = Release|Any CPU
		{EFED0F61-52BE-45DD-9E72-45B4740B448E}.Release|Any CPU.Build.0 = Release|Any CPU
		{B0DC0932-3F9B-499B-8780-C12549DCAD96}.Debug|Any CPU.ActiveCfg = Debug|Any CPU
		{B0DC0932-3F9B-499B-8780-C12549DCAD96}.Debug|Any CPU.Build.0 = Debug|Any CPU
		{B0DC0932-3F9B-499B-8780-C12549DCAD96}.Release|Any CPU.ActiveCfg = Release|Any CPU
		{B0DC0932-3F9B-499B-8780-C12549DCAD96}.Release|Any CPU.Build.0 = Release|Any CPU
	EndGlobalSection
	GlobalSection(SolutionProperties) = preSolution
		HideSolutionNode = FALSE
	EndGlobalSection
	GlobalSection(ExtensibilityGlobals) = postSolution
		SolutionGuid = {50EB532A-AB29-4A2C-A49C-AB224CB90ADD}
	EndGlobalSection
EndGlobal
